
Microsoft Visual Studio Solution File, Format Version 12.00
# Visual Studio Version 17
VisualStudioVersion = 17.14.36408.4 d17.14
MinimumVisualStudioVersion = 10.0.40219.1
Project("{FAE04EC0-301F-11D3-BF4B-00C04F79EFBC}") = "MusicPlatformWeb", "MusicPlatformWeb\MusicPlatformWeb.csproj", "{4B83D535-BCD5-45F5-A2A2-566EBDF75463}"
EndProject
Project("{FAE04EC0-301F-11D3-BF4B-00C04F79EFBC}") = "MusicClasses", "MusicClasses\MusicClasses.csproj", "{A8F6345E-0C43-4230-B72A-8B288E3DCDBC}"
EndProject
Global
	GlobalSection(SolutionConfigurationPlatforms) = preSolution
		Debug|Any CPU = Debug|Any CPU
		Release|Any CPU = Release|Any CPU
	EndGlobalSection
	GlobalSection(ProjectConfigurationPlatforms) = postSolution
		{4B83D535-BCD5-45F5-A2A2-566EBDF75463}.Debug|Any CPU.ActiveCfg = Debug|Any CPU
		{4B83D535-BCD5-45F5-A2A2-566EBDF75463}.Debug|Any CPU.Build.0 = Debug|Any CPU
		{4B83D535-BCD5-45F5-A2A2-566EBDF75463}.Release|Any CPU.ActiveCfg = Release|Any CPU
		{4B83D535-BCD5-45F5-A2A2-566EBDF75463}.Release|Any CPU.Build.0 = Release|Any CPU
		{A8F6345E-0C43-4230-B72A-8B288E3DCDBC}.Debug|Any CPU.ActiveCfg = Debug|Any CPU
		{A8F6345E-0C43-4230-B72A-8B288E3DCDBC}.Debug|Any CPU.Build.0 = Debug|Any CPU
		{A8F6345E-0C43-4230-B72A-8B288E3DCDBC}.Release|Any CPU.ActiveCfg = Release|Any CPU
		{A8F6345E-0C43-4230-B72A-8B288E3DCDBC}.Release|Any CPU.Build.0 = Release|Any CPU
	EndGlobalSection
	GlobalSection(SolutionProperties) = preSolution
		HideSolutionNode = FALSE
	EndGlobalSection
	GlobalSection(ExtensibilityGlobals) = postSolution
		SolutionGuid = {6EDEC5E0-B8B6-4087-AF49-749055BAE48A}
	EndGlobalSection
EndGlobal
